
Microsoft Visual Studio Solution File, Format Version 12.00
# Visual Studio Version 16
VisualStudioVersion = 16.0.29009.5
MinimumVisualStudioVersion = 10.0.40219.1
Project("{FAE04EC0-301F-11D3-BF4B-00C04F79EFBC}") = "ShitpostBot", "ShitpostBot.csproj", "{38CFB7FD-36B2-4A39-9AF4-2775E91184D5}"
EndProject
Global
	GlobalSection(SolutionConfigurationPlatforms) = preSolution
		Debug|Any CPU = Debug|Any CPU
		Release|Any CPU = Release|Any CPU
	EndGlobalSection
	GlobalSection(ProjectConfigurationPlatforms) = postSolution
		{38CFB7FD-36B2-4A39-9AF4-2775E91184D5}.Debug|Any CPU.ActiveCfg = Debug|Any CPU
		{38CFB7FD-36B2-4A39-9AF4-2775E91184D5}.Debug|Any CPU.Build.0 = Debug|Any CPU
		{38CFB7FD-36B2-4A39-9AF4-2775E91184D5}.Release|Any CPU.ActiveCfg = Release|Any CPU
		{38CFB7FD-36B2-4A39-9AF4-2775E91184D5}.Release|Any CPU.Build.0 = Release|Any CPU
	EndGlobalSection
	GlobalSection(SolutionProperties) = preSolution
		HideSolutionNode = FALSE
	EndGlobalSection
	GlobalSection(ExtensibilityGlobals) = postSolution
		SolutionGuid = {DDA494E2-6FAB-455C-9AC6-E2E0742D7260}
	EndGlobalSection
EndGlobal
